
Microsoft Visual Studio Solution File, Format Version 12.00
# Visual Studio Version 17
VisualStudioVersion = 17.11.35327.3
MinimumVisualStudioVersion = 10.0.40219.1
Project("{FAE04EC0-301F-11D3-BF4B-00C04F79EFBC}") = "FunctionApp1", "FunctionApp1\FunctionApp1.csproj", "{F2E8546E-5202-49A6-AF05-76D1B519A24E}"
EndProject
Global
	GlobalSection(SolutionConfigurationPlatforms) = preSolution
		Debug|Any CPU = Debug|Any CPU
		Release|Any CPU = Release|Any CPU
	EndGlobalSection
	GlobalSection(ProjectConfigurationPlatforms) = postSolution
		{F2E8546E-5202-49A6-AF05-76D1B519A24E}.Debug|Any CPU.ActiveCfg = Debug|Any CPU
		{F2E8546E-5202-49A6-AF05-76D1B519A24E}.Debug|Any CPU.Build.0 = Debug|Any CPU
		{F2E8546E-5202-49A6-AF05-76D1B519A24E}.Release|Any CPU.ActiveCfg = Release|Any CPU
		{F2E8546E-5202-49A6-AF05-76D1B519A24E}.Release|Any CPU.Build.0 = Release|Any CPU
	EndGlobalSection
	GlobalSection(SolutionProperties) = preSolution
		HideSolutionNode = FALSE
	EndGlobalSection
	GlobalSection(ExtensibilityGlobals) = postSolution
		SolutionGuid = {B25BD3BF-4170-4829-BCE9-9C74AFFA882A}
	EndGlobalSection
EndGlobal
